<?xml version="1.0" encoding="utf-8"?>
<Project ToolsVersion="4.0" xmlns="http://schemas.microsoft.com/developer/msbuild/2003">
  <ItemGroup>
    <ClCompile Include="Test_project_entry.cpp" />
    <ClCompile Include="..\gmock-1.7.0\src\gmock-all.cc" />
    <ClCompile Include="..\gmock-1.7.0\gtest\src\gtest-all.cc" />
    <ClCompile Include="MockTestExample.cpp" />
  </ItemGroup>
</Project>